{
    "version": 4,
    "terraform_version": "1.4.2",
    "serial": 171,
    "lineage": "5a5b8f56-8d4f-50ce-7399-be22ca08998f",
    "outputs": {
      "bucket_name": {
        "value": "lotionapp-st",
        "type": "string"
      },
      "delete_lambda_url": {
        "value": "https://hsce6j6qia7ft2qzwujfcc4kgu0jkhtx.lambda-url.ca-central-1.on.aws/",
        "type": "string"
      },
      "get_lambda_url": {
        "value": "https://izsvtx666llxfidurfiy7maqqy0aydoc.lambda-url.ca-central-1.on.aws/",
        "type": "string"
      },
      "lambda_url": {
        "value": "https://xk2sn6nqldt6hbxk5zy3npl5km0tywvi.lambda-url.ca-central-1.on.aws/",
        "type": "string"
      }
    },
    "resources": [
      {
        "mode": "data",
        "type": "archive_file",
        "name": "delete_lambda",
        "provider": "provider[\"registry.terraform.io/hashicorp/archive\"]",
        "instances": [
          {
            "schema_version": 0,
            "attributes": {
              "excludes": null,
              "id": "8f94a7bf505a800c9436b899c114b15769bad3f0",
              "output_base64sha256": "jcdlYIBFbc+T3L5uTpxPNS0jbZxlNAnW+Hky9Ej5ess=",
              "output_file_mode": null,
              "output_md5": "8e07742d5b3c346a48d7f9b62dc5b8f8",
              "output_path": "deleteartifact.zip",
              "output_sha": "8f94a7bf505a800c9436b899c114b15769bad3f0",
              "output_size": 657,
              "source": [],
              "source_content": null,
              "source_content_filename": null,
              "source_dir": null,
              "source_file": "../functions/delete-note/main.py",
              "type": "zip"
            },
            "sensitive_attributes": []
          }
        ]
      },
      {
        "mode": "data",
        "type": "archive_file",
        "name": "get_lambda",
        "provider": "provider[\"registry.terraform.io/hashicorp/archive\"]",
        "instances": [
          {
            "schema_version": 0,
            "attributes": {
              "excludes": null,
              "id": "449e5be57b06883389dae32074dfcab42e90b284",
              "output_base64sha256": "3eATpitVlqOsPxDyeYgjFBAt5ZEJWAWblefjqaHzA30=",
              "output_file_mode": null,
              "output_md5": "d62e65d55500d8985c363c2fa03827ef",
              "output_path": "getartifact.zip",
              "output_sha": "449e5be57b06883389dae32074dfcab42e90b284",
              "output_size": 635,
              "source": [],
              "source_content": null,
              "source_content_filename": null,
              "source_dir": null,
              "source_file": "../functions/get-notes/main.py",
              "type": "zip"
            },
            "sensitive_attributes": []
          }
        ]
      },
      {
        "mode": "data",
        "type": "archive_file",
        "name": "lambda",
        "provider": "provider[\"registry.terraform.io/hashicorp/archive\"]",
        "instances": [
          {
            "schema_version": 0,
            "attributes": {
              "excludes": null,
              "id": "02c19854cffd14e1fd8bf281e39b342b5763a442",
              "output_base64sha256": "yPWi5AGZLjCk+6ggrZaEqcXybmQfY6xiifA1+v8aKkA=",
              "output_file_mode": null,
              "output_md5": "d1af0e4fb6f1b7ff12473c30c469b06d",
              "output_path": "artifact.zip",
              "output_sha": "02c19854cffd14e1fd8bf281e39b342b5763a442",
              "output_size": 610,
              "source": [],
              "source_content": null,
              "source_content_filename": null,
              "source_dir": null,
              "source_file": "../functions/save-note/main.py",
              "type": "zip"
            },
            "sensitive_attributes": []
          }
        ]
      },
      {
        "mode": "managed",
        "type": "aws_dynamodb_table",
        "name": "lotion-30142184",
        "provider": "provider[\"registry.terraform.io/hashicorp/aws\"]",
        "instances": [
          {
            "schema_version": 1,
            "attributes": {
              "arn": "arn:aws:dynamodb:ca-central-1:660514643287:table/lotion-30142184",
              "attribute": [
                {
                  "name": "email",
                  "type": "S"
                },
                {
                  "name": "id",
                  "type": "S"
                }
              ],
              "billing_mode": "PROVISIONED",
              "deletion_protection_enabled": false,
              "global_secondary_index": [],
              "hash_key": "email",
              "id": "lotion-30142184",
              "local_secondary_index": [],
              "name": "lotion-30142184",
              "point_in_time_recovery": [
                {
                  "enabled": false
                }
              ],
              "range_key": "id",
              "read_capacity": 1,
              "replica": [],
              "restore_date_time": null,
              "restore_source_name": null,
              "restore_to_latest_time": null,
              "server_side_encryption": [],
              "stream_arn": "",
              "stream_enabled": false,
              "stream_label": "",
              "stream_view_type": "",
              "table_class": "STANDARD",
              "tags": {},
              "tags_all": {},
              "timeouts": null,
              "ttl": [
                {
                  "attribute_name": "",
                  "enabled": false
                }
              ],
              "write_capacity": 1
            },
            "sensitive_attributes": [],
            "private": "eyJlMmJmYjczMC1lY2FhLTExZTYtOGY4OC0zNDM2M2JjN2M0YzAiOnsiY3JlYXRlIjoxODAwMDAwMDAwMDAwLCJkZWxldGUiOjYwMDAwMDAwMDAwMCwidXBkYXRlIjozNjAwMDAwMDAwMDAwfSwic2NoZW1hX3ZlcnNpb24iOiIxIn0="
          }
        ]
      },
      {
        "mode": "managed",
        "type": "aws_iam_policy",
        "name": "delete_logs",
        "provider": "provider[\"registry.terraform.io/hashicorp/aws\"]",
        "instances": [
          {
            "schema_version": 0,
            "attributes": {
              "arn": "arn:aws:iam::660514643287:policy/lambda-logging-delete-note-30145085",
              "description": "IAM policy for logging from a lambda",
              "id": "arn:aws:iam::660514643287:policy/lambda-logging-delete-note-30145085",
              "name": "lambda-logging-delete-note-30145085",
              "name_prefix": null,
              "path": "/",
              "policy": "{\"Statement\":[{\"Action\":[\"logs:CreateLogGroup\",\"logs:CreateLogStream\",\"logs:PutLogEvents\",\"dynamodb:DeleteItem\"],\"Effect\":\"Allow\",\"Resource\":[\"arn:aws:logs:*:*:*\",\"arn:aws:dynamodb:ca-central-1:660514643287:table/lotion-30142184\"]}],\"Version\":\"2012-10-17\"}",
              "policy_id": "ANPAZTSN5TVL7RU7DRGE7",
              "tags": {},
              "tags_all": {}
            },
            "sensitive_attributes": [],
            "private": "bnVsbA==",
            "dependencies": [
              "aws_dynamodb_table.lotion-30142184"
            ]
          }
        ]
      },
      {
        "mode": "managed",
        "type": "aws_iam_policy",
        "name": "get_logs",
        "provider": "provider[\"registry.terraform.io/hashicorp/aws\"]",
        "instances": [
          {
            "schema_version": 0,
            "attributes": {
              "arn": "arn:aws:iam::660514643287:policy/lambda-logging-get-note-30145085",
              "description": "IAM policy for logging from a lambda",
              "id": "arn:aws:iam::660514643287:policy/lambda-logging-get-note-30145085",
              "name": "lambda-logging-get-note-30145085",
              "name_prefix": null,
              "path": "/",
              "policy": "{\"Statement\":[{\"Action\":[\"logs:CreateLogGroup\",\"logs:CreateLogStream\",\"logs:PutLogEvents\",\"dynamodb:Query\"],\"Effect\":\"Allow\",\"Resource\":[\"arn:aws:logs:*:*:*\",\"arn:aws:dynamodb:ca-central-1:660514643287:table/lotion-30142184\"]}],\"Version\":\"2012-10-17\"}",
              "policy_id": "ANPAZTSN5TVLZV2PQNUJD",
              "tags": {},
              "tags_all": {}
            },
            "sensitive_attributes": [],
            "private": "bnVsbA==",
            "dependencies": [
              "aws_dynamodb_table.lotion-30142184"
            ]
          }
        ]
      },
      {
        "mode": "managed",
        "type": "aws_iam_policy",
        "name": "logs",
        "provider": "provider[\"registry.terraform.io/hashicorp/aws\"]",
        "instances": [
          {
            "schema_version": 0,
            "attributes": {
              "arn": "arn:aws:iam::660514643287:policy/lambda-logging-save-note-30145085",
              "description": "IAM policy for logging from a lambda",
              "id": "arn:aws:iam::660514643287:policy/lambda-logging-save-note-30145085",
              "name": "lambda-logging-save-note-30145085",
              "name_prefix": null,
              "path": "/",
              "policy": "{\"Statement\":[{\"Action\":[\"logs:CreateLogGroup\",\"logs:CreateLogStream\",\"logs:PutLogEvents\",\"dynamodb:PutItem\"],\"Effect\":\"Allow\",\"Resource\":[\"arn:aws:logs:*:*:*\",\"arn:aws:dynamodb:ca-central-1:660514643287:table/lotion-30142184\"]}],\"Version\":\"2012-10-17\"}",
              "policy_id": "ANPAZTSN5TVLVYQSERMD2",
              "tags": {},
              "tags_all": {}
            },
            "sensitive_attributes": [],
            "private": "bnVsbA==",
            "dependencies": [
              "aws_dynamodb_table.lotion-30142184"
            ]
          }
        ]
      },
      {
        "mode": "managed",
        "type": "aws_iam_role",
        "name": "delete_lambda",
        "provider": "provider[\"registry.terraform.io/hashicorp/aws\"]",
        "instances": [
          {
            "schema_version": 0,
            "attributes": {
              "arn": "arn:aws:iam::660514643287:role/iam-for-lambda-delete-note-30145085",
              "assume_role_policy": "{\"Statement\":[{\"Action\":\"sts:AssumeRole\",\"Effect\":\"Allow\",\"Principal\":{\"Service\":\"lambda.amazonaws.com\"},\"Sid\":\"\"}],\"Version\":\"2012-10-17\"}",
              "create_date": "2023-03-23T19:21:13Z",
              "description": "",
              "force_detach_policies": false,
              "id": "iam-for-lambda-delete-note-30145085",
              "inline_policy": [],
              "managed_policy_arns": [
                "arn:aws:iam::660514643287:policy/lambda-logging-delete-note-30145085"
              ],
              "max_session_duration": 3600,
              "name": "iam-for-lambda-delete-note-30145085",
              "name_prefix": "",
              "path": "/",
              "permissions_boundary": null,
              "tags": {},
              "tags_all": {},
              "unique_id": "AROAZTSN5TVLRUP27ZIX4"
            },
            "sensitive_attributes": [],
            "private": "bnVsbA=="
          }
        ]
      },
      {
        "mode": "managed",
        "type": "aws_iam_role",
        "name": "get_lambda",
        "provider": "provider[\"registry.terraform.io/hashicorp/aws\"]",
        "instances": [
          {
            "schema_version": 0,
            "attributes": {
              "arn": "arn:aws:iam::660514643287:role/iam-for-lambda-get-note-30145085",
              "assume_role_policy": "{\"Statement\":[{\"Action\":\"sts:AssumeRole\",\"Effect\":\"Allow\",\"Principal\":{\"Service\":\"lambda.amazonaws.com\"},\"Sid\":\"\"}],\"Version\":\"2012-10-17\"}",
              "create_date": "2023-03-23T19:21:13Z",
              "description": "",
              "force_detach_policies": false,
              "id": "iam-for-lambda-get-note-30145085",
              "inline_policy": [],
              "managed_policy_arns": [
                "arn:aws:iam::660514643287:policy/lambda-logging-get-note-30145085"
              ],
              "max_session_duration": 3600,
              "name": "iam-for-lambda-get-note-30145085",
              "name_prefix": "",
              "path": "/",
              "permissions_boundary": null,
              "tags": {},
              "tags_all": {},
              "unique_id": "AROAZTSN5TVL5SMBRLIIL"
            },
            "sensitive_attributes": [],
            "private": "bnVsbA=="
          }
        ]
      },
      {
        "mode": "managed",
        "type": "aws_iam_role",
        "name": "lambda",
        "provider": "provider[\"registry.terraform.io/hashicorp/aws\"]",
        "instances": [
          {
            "schema_version": 0,
            "attributes": {
              "arn": "arn:aws:iam::660514643287:role/iam-for-lambda-save-note-30145085",
              "assume_role_policy": "{\"Statement\":[{\"Action\":\"sts:AssumeRole\",\"Effect\":\"Allow\",\"Principal\":{\"Service\":\"lambda.amazonaws.com\"},\"Sid\":\"\"}],\"Version\":\"2012-10-17\"}",
              "create_date": "2023-03-23T19:21:13Z",
              "description": "",
              "force_detach_policies": false,
              "id": "iam-for-lambda-save-note-30145085",
              "inline_policy": [],
              "managed_policy_arns": [
                "arn:aws:iam::660514643287:policy/lambda-logging-save-note-30145085"
              ],
              "max_session_duration": 3600,
              "name": "iam-for-lambda-save-note-30145085",
              "name_prefix": "",
              "path": "/",
              "permissions_boundary": null,
              "tags": {},
              "tags_all": {},
              "unique_id": "AROAZTSN5TVL5EFRGFKND"
            },
            "sensitive_attributes": [],
            "private": "bnVsbA=="
          }
        ]
      },
      {
        "mode": "managed",
        "type": "aws_iam_role_policy_attachment",
        "name": "delete_lambda_logs",
        "provider": "provider[\"registry.terraform.io/hashicorp/aws\"]",
        "instances": [
          {
            "schema_version": 0,
            "attributes": {
              "id": "iam-for-lambda-delete-note-30145085-20230323192120371000000001",
              "policy_arn": "arn:aws:iam::660514643287:policy/lambda-logging-delete-note-30145085",
              "role": "iam-for-lambda-delete-note-30145085"
            },
            "sensitive_attributes": [],
            "private": "bnVsbA==",
            "dependencies": [
              "aws_dynamodb_table.lotion-30142184",
              "aws_iam_policy.delete_logs",
              "aws_iam_role.delete_lambda"
            ]
          }
        ]
      },
      {
        "mode": "managed",
        "type": "aws_iam_role_policy_attachment",
        "name": "get_lambda_logs",
        "provider": "provider[\"registry.terraform.io/hashicorp/aws\"]",
        "instances": [
          {
            "schema_version": 0,
            "attributes": {
              "id": "iam-for-lambda-get-note-30145085-20230323192120465000000002",
              "policy_arn": "arn:aws:iam::660514643287:policy/lambda-logging-get-note-30145085",
              "role": "iam-for-lambda-get-note-30145085"
            },
            "sensitive_attributes": [],
            "private": "bnVsbA==",
            "dependencies": [
              "aws_dynamodb_table.lotion-30142184",
              "aws_iam_policy.get_logs",
              "aws_iam_role.get_lambda"
            ]
          }
        ]
      },
      {
        "mode": "managed",
        "type": "aws_iam_role_policy_attachment",
        "name": "lambda_logs",
        "provider": "provider[\"registry.terraform.io/hashicorp/aws\"]",
        "instances": [
          {
            "schema_version": 0,
            "attributes": {
              "id": "iam-for-lambda-save-note-30145085-20230323192120669900000003",
              "policy_arn": "arn:aws:iam::660514643287:policy/lambda-logging-save-note-30145085",
              "role": "iam-for-lambda-save-note-30145085"
            },
            "sensitive_attributes": [],
            "private": "bnVsbA==",
            "dependencies": [
              "aws_dynamodb_table.lotion-30142184",
              "aws_iam_policy.logs",
              "aws_iam_role.lambda"
            ]
          }
        ]
      },
      {
        "mode": "managed",
        "type": "aws_lambda_function",
        "name": "delete_lambda",
        "provider": "provider[\"registry.terraform.io/hashicorp/aws\"]",
        "instances": [
          {
            "schema_version": 0,
            "attributes": {
              "architectures": [
                "x86_64"
              ],
              "arn": "arn:aws:lambda:ca-central-1:660514643287:function:delete-note-30145085",
              "code_signing_config_arn": "",
              "dead_letter_config": [],
              "description": "",
              "environment": [],
              "ephemeral_storage": [
                {
                  "size": 512
                }
              ],
              "file_system_config": [],
              "filename": "deleteartifact.zip",
              "function_name": "delete-note-30145085",
              "handler": "main.lambda_handler3",
              "id": "delete-note-30145085",
              "image_config": [],
              "image_uri": "",
              "invoke_arn": "arn:aws:apigateway:ca-central-1:lambda:path/2015-03-31/functions/arn:aws:lambda:ca-central-1:660514643287:function:delete-note-30145085/invocations",
              "kms_key_arn": "",
              "last_modified": "2023-03-24T17:38:00.000+0000",
              "layers": [],
              "memory_size": 128,
              "package_type": "Zip",
              "publish": false,
              "qualified_arn": "arn:aws:lambda:ca-central-1:660514643287:function:delete-note-30145085:$LATEST",
              "qualified_invoke_arn": "arn:aws:apigateway:ca-central-1:lambda:path/2015-03-31/functions/arn:aws:lambda:ca-central-1:660514643287:function:delete-note-30145085:$LATEST/invocations",
              "replace_security_groups_on_destroy": null,
              "replacement_security_group_ids": null,
              "reserved_concurrent_executions": -1,
              "role": "arn:aws:iam::660514643287:role/iam-for-lambda-delete-note-30145085",
              "runtime": "python3.9",
              "s3_bucket": null,
              "s3_key": null,
              "s3_object_version": null,
              "signing_job_arn": "",
              "signing_profile_version_arn": "",
              "skip_destroy": false,
              "snap_start": [],
              "source_code_hash": "jcdlYIBFbc+T3L5uTpxPNS0jbZxlNAnW+Hky9Ej5ess=",
              "source_code_size": 657,
              "tags": {},
              "tags_all": {},
              "timeout": 3,
              "timeouts": null,
              "tracing_config": [
                {
                  "mode": "PassThrough"
                }
              ],
              "version": "$LATEST",
              "vpc_config": []
            },
            "sensitive_attributes": [],
            "private": "eyJlMmJmYjczMC1lY2FhLTExZTYtOGY4OC0zNDM2M2JjN2M0YzAiOnsiY3JlYXRlIjo2MDAwMDAwMDAwMDAsImRlbGV0ZSI6NjAwMDAwMDAwMDAwLCJ1cGRhdGUiOjYwMDAwMDAwMDAwMH19",
            "dependencies": [
              "aws_iam_role.delete_lambda",
              "data.archive_file.delete_lambda"
            ]
          }
        ]
      },
      {
        "mode": "managed",
        "type": "aws_lambda_function",
        "name": "get_lambda",
        "provider": "provider[\"registry.terraform.io/hashicorp/aws\"]",
        "instances": [
          {
            "schema_version": 0,
            "attributes": {
              "architectures": [
                "x86_64"
              ],
              "arn": "arn:aws:lambda:ca-central-1:660514643287:function:get-note-30145085",
              "code_signing_config_arn": "",
              "dead_letter_config": [],
              "description": "",
              "environment": [],
              "ephemeral_storage": [
                {
                  "size": 512
                }
              ],
              "file_system_config": [],
              "filename": "getartifact.zip",
              "function_name": "get-note-30145085",
              "handler": "main.lambda_handler2",
              "id": "get-note-30145085",
              "image_config": [],
              "image_uri": "",
              "invoke_arn": "arn:aws:apigateway:ca-central-1:lambda:path/2015-03-31/functions/arn:aws:lambda:ca-central-1:660514643287:function:get-note-30145085/invocations",
              "kms_key_arn": "",
              "last_modified": "2023-03-24T17:17:15.000+0000",
              "layers": [],
              "memory_size": 128,
              "package_type": "Zip",
              "publish": false,
              "qualified_arn": "arn:aws:lambda:ca-central-1:660514643287:function:get-note-30145085:$LATEST",
              "qualified_invoke_arn": "arn:aws:apigateway:ca-central-1:lambda:path/2015-03-31/functions/arn:aws:lambda:ca-central-1:660514643287:function:get-note-30145085:$LATEST/invocations",
              "replace_security_groups_on_destroy": null,
              "replacement_security_group_ids": null,
              "reserved_concurrent_executions": -1,
              "role": "arn:aws:iam::660514643287:role/iam-for-lambda-get-note-30145085",
              "runtime": "python3.9",
              "s3_bucket": null,
              "s3_key": null,
              "s3_object_version": null,
              "signing_job_arn": "",
              "signing_profile_version_arn": "",
              "skip_destroy": false,
              "snap_start": [],
              "source_code_hash": "3eATpitVlqOsPxDyeYgjFBAt5ZEJWAWblefjqaHzA30=",
              "source_code_size": 635,
              "tags": {},
              "tags_all": {},
              "timeout": 3,
              "timeouts": null,
              "tracing_config": [
                {
                  "mode": "PassThrough"
                }
              ],
              "version": "$LATEST",
              "vpc_config": []
            },
            "sensitive_attributes": [],
            "private": "eyJlMmJmYjczMC1lY2FhLTExZTYtOGY4OC0zNDM2M2JjN2M0YzAiOnsiY3JlYXRlIjo2MDAwMDAwMDAwMDAsImRlbGV0ZSI6NjAwMDAwMDAwMDAwLCJ1cGRhdGUiOjYwMDAwMDAwMDAwMH19",
            "dependencies": [
              "aws_iam_role.get_lambda",
              "data.archive_file.get_lambda"
            ]
          }
        ]
      },
      {
        "mode": "managed",
        "type": "aws_lambda_function",
        "name": "lambda",
        "provider": "provider[\"registry.terraform.io/hashicorp/aws\"]",
        "instances": [
          {
            "schema_version": 0,
            "attributes": {
              "architectures": [
                "x86_64"
              ],
              "arn": "arn:aws:lambda:ca-central-1:660514643287:function:save-note-30145085",
              "code_signing_config_arn": "",
              "dead_letter_config": [],
              "description": "",
              "environment": [],
              "ephemeral_storage": [
                {
                  "size": 512
                }
              ],
              "file_system_config": [],
              "filename": "artifact.zip",
              "function_name": "save-note-30145085",
              "handler": "main.lambda_handler",
              "id": "save-note-30145085",
              "image_config": [],
              "image_uri": "",
              "invoke_arn": "arn:aws:apigateway:ca-central-1:lambda:path/2015-03-31/functions/arn:aws:lambda:ca-central-1:660514643287:function:save-note-30145085/invocations",
              "kms_key_arn": "",
              "last_modified": "2023-03-24T17:38:06.000+0000",
              "layers": [],
              "memory_size": 128,
              "package_type": "Zip",
              "publish": false,
              "qualified_arn": "arn:aws:lambda:ca-central-1:660514643287:function:save-note-30145085:$LATEST",
              "qualified_invoke_arn": "arn:aws:apigateway:ca-central-1:lambda:path/2015-03-31/functions/arn:aws:lambda:ca-central-1:660514643287:function:save-note-30145085:$LATEST/invocations",
              "replace_security_groups_on_destroy": null,
              "replacement_security_group_ids": null,
              "reserved_concurrent_executions": -1,
              "role": "arn:aws:iam::660514643287:role/iam-for-lambda-save-note-30145085",
              "runtime": "python3.9",
              "s3_bucket": null,
              "s3_key": null,
              "s3_object_version": null,
              "signing_job_arn": "",
              "signing_profile_version_arn": "",
              "skip_destroy": false,
              "snap_start": [],
              "source_code_hash": "yPWi5AGZLjCk+6ggrZaEqcXybmQfY6xiifA1+v8aKkA=",
              "source_code_size": 610,
              "tags": {},
              "tags_all": {},
              "timeout": 3,
              "timeouts": null,
              "tracing_config": [
                {
                  "mode": "PassThrough"
                }
              ],
              "version": "$LATEST",
              "vpc_config": []
            },
            "sensitive_attributes": [],
            "private": "eyJlMmJmYjczMC1lY2FhLTExZTYtOGY4OC0zNDM2M2JjN2M0YzAiOnsiY3JlYXRlIjo2MDAwMDAwMDAwMDAsImRlbGV0ZSI6NjAwMDAwMDAwMDAwLCJ1cGRhdGUiOjYwMDAwMDAwMDAwMH19",
            "dependencies": [
              "aws_iam_role.lambda",
              "data.archive_file.lambda"
            ]
          }
        ]
      },
      {
        "mode": "managed",
        "type": "aws_lambda_function_url",
        "name": "delete_url",
        "provider": "provider[\"registry.terraform.io/hashicorp/aws\"]",
        "instances": [
          {
            "schema_version": 0,
            "attributes": {
              "authorization_type": "NONE",
              "cors": [
                {
                  "allow_credentials": true,
                  "allow_headers": [
                    "*"
                  ],
                  "allow_methods": [
                    "DELETE"
                  ],
                  "allow_origins": [
                    "*"
                  ],
                  "expose_headers": [
                    "date",
                    "keep-alive"
                  ],
                  "max_age": 0
                }
              ],
              "function_arn": "arn:aws:lambda:ca-central-1:660514643287:function:delete-note-30145085",
              "function_name": "delete-note-30145085",
              "function_url": "https://hsce6j6qia7ft2qzwujfcc4kgu0jkhtx.lambda-url.ca-central-1.on.aws/",
              "id": "delete-note-30145085",
              "qualifier": "",
              "timeouts": null,
              "url_id": "hsce6j6qia7ft2qzwujfcc4kgu0jkhtx"
            },
            "sensitive_attributes": [],
            "private": "eyJlMmJmYjczMC1lY2FhLTExZTYtOGY4OC0zNDM2M2JjN2M0YzAiOnsiY3JlYXRlIjo2MDAwMDAwMDAwMDB9fQ==",
            "dependencies": [
              "aws_iam_role.delete_lambda",
              "aws_lambda_function.delete_lambda",
              "data.archive_file.delete_lambda"
            ]
          }
        ]
      },
      {
        "mode": "managed",
        "type": "aws_lambda_function_url",
        "name": "get_url",
        "provider": "provider[\"registry.terraform.io/hashicorp/aws\"]",
        "instances": [
          {
            "schema_version": 0,
            "attributes": {
              "authorization_type": "NONE",
              "cors": [
                {
                  "allow_credentials": true,
                  "allow_headers": [
                    "*"
                  ],
                  "allow_methods": [
                    "GET"
                  ],
                  "allow_origins": [
                    "*"
                  ],
                  "expose_headers": [
                    "date",
                    "keep-alive"
                  ],
                  "max_age": 0
                }
              ],
              "function_arn": "arn:aws:lambda:ca-central-1:660514643287:function:get-note-30145085",
              "function_name": "get-note-30145085",
              "function_url": "https://izsvtx666llxfidurfiy7maqqy0aydoc.lambda-url.ca-central-1.on.aws/",
              "id": "get-note-30145085",
              "qualifier": "",
              "timeouts": null,
              "url_id": "izsvtx666llxfidurfiy7maqqy0aydoc"
            },
            "sensitive_attributes": [],
            "private": "eyJlMmJmYjczMC1lY2FhLTExZTYtOGY4OC0zNDM2M2JjN2M0YzAiOnsiY3JlYXRlIjo2MDAwMDAwMDAwMDB9fQ==",
            "dependencies": [
              "aws_iam_role.get_lambda",
              "aws_lambda_function.get_lambda",
              "data.archive_file.get_lambda"
            ]
          }
        ]
      },
      {
        "mode": "managed",
        "type": "aws_lambda_function_url",
        "name": "url",
        "provider": "provider[\"registry.terraform.io/hashicorp/aws\"]",
        "instances": [
          {
            "schema_version": 0,
            "attributes": {
              "authorization_type": "NONE",
              "cors": [
                {
                  "allow_credentials": true,
                  "allow_headers": [
                    "*"
                  ],
                  "allow_methods": [
                    "POST"
                  ],
                  "allow_origins": [
                    "*"
                  ],
                  "expose_headers": [
                    "date",
                    "keep-alive"
                  ],
                  "max_age": 0
                }
              ],
              "function_arn": "arn:aws:lambda:ca-central-1:660514643287:function:save-note-30145085",
              "function_name": "save-note-30145085",
              "function_url": "https://xk2sn6nqldt6hbxk5zy3npl5km0tywvi.lambda-url.ca-central-1.on.aws/",
              "id": "save-note-30145085",
              "qualifier": "",
              "timeouts": null,
              "url_id": "xk2sn6nqldt6hbxk5zy3npl5km0tywvi"
            },
            "sensitive_attributes": [],
            "private": "eyJlMmJmYjczMC1lY2FhLTExZTYtOGY4OC0zNDM2M2JjN2M0YzAiOnsiY3JlYXRlIjo2MDAwMDAwMDAwMDB9fQ==",
            "dependencies": [
              "aws_iam_role.lambda",
              "aws_lambda_function.lambda",
              "data.archive_file.lambda"
            ]
          }
        ]
      },
      {
        "mode": "managed",
        "type": "aws_s3_bucket",
        "name": "lambda",
        "provider": "provider[\"registry.terraform.io/hashicorp/aws\"]",
        "instances": [
          {
            "schema_version": 0,
            "attributes": {
              "acceleration_status": "",
              "acl": null,
              "arn": "arn:aws:s3:::lotionapp-st",
              "bucket": "lotionapp-st",
              "bucket_domain_name": "lotionapp-st.s3.amazonaws.com",
              "bucket_prefix": null,
              "bucket_regional_domain_name": "lotionapp-st.s3.ca-central-1.amazonaws.com",
              "cors_rule": [],
              "force_destroy": false,
              "grant": [
                {
                  "id": "2fd8ed19052ea574c2c7e8fdfe3c7e47c172b4286874f711a5948e4aee9194ee",
                  "permissions": [
                    "FULL_CONTROL"
                  ],
                  "type": "CanonicalUser",
                  "uri": ""
                }
              ],
              "hosted_zone_id": "Z1QDHH18159H29",
              "id": "lotionapp-st",
              "lifecycle_rule": [],
              "logging": [],
              "object_lock_configuration": [],
              "object_lock_enabled": false,
              "policy": "",
              "region": "ca-central-1",
              "replication_configuration": [],
              "request_payer": "BucketOwner",
              "server_side_encryption_configuration": [
                {
                  "rule": [
                    {
                      "apply_server_side_encryption_by_default": [
                        {
                          "kms_master_key_id": "",
                          "sse_algorithm": "AES256"
                        }
                      ],
                      "bucket_key_enabled": false
                    }
                  ]
                }
              ],
              "tags": {},
              "tags_all": {},
              "timeouts": null,
              "versioning": [
                {
                  "enabled": false,
                  "mfa_delete": false
                }
              ],
              "website": [],
              "website_domain": null,
              "website_endpoint": null
            },
            "sensitive_attributes": [],
            "private": "eyJlMmJmYjczMC1lY2FhLTExZTYtOGY4OC0zNDM2M2JjN2M0YzAiOnsiY3JlYXRlIjoxMjAwMDAwMDAwMDAwLCJkZWxldGUiOjM2MDAwMDAwMDAwMDAsInJlYWQiOjEyMDAwMDAwMDAwMDAsInVwZGF0ZSI6MTIwMDAwMDAwMDAwMH19"
          }
        ]
      }
    ],
    "check_results": null
  }